// !$*UTF8*$!
{
	archiveVersion = 1;
	classes = {
	};
	objectVersion = 55;
	objects = {

/* Begin PBXBuildFile section */
		E9BD2BD8284680E5009AEB27 /* AppDelegate.swift in Sources */ = {isa = PBXBuildFile; fileRef = E9BD2BD7284680E5009AEB27 /* AppDelegate.swift */; };
		E9BD2BDA284680E5009AEB27 /* SceneDelegate.swift in Sources */ = {isa = PBXBuildFile; fileRef = E9BD2BD9284680E5009AEB27 /* SceneDelegate.swift */; };
		E9BD2BDC284680E5009AEB27 /* ViewController.swift in Sources */ = {isa = PBXBuildFile; fileRef = E9BD2BDB284680E5009AEB27 /* ViewController.swift */; };
		E9BD2BDF284680E5009AEB27 /* Main.storyboard in Resources */ = {isa = PBXBuildFile; fileRef = E9BD2BDD284680E5009AEB27 /* Main.storyboard */; };
		E9BD2BE1284680E6009AEB27 /* Assets.xcassets in Resources */ = {isa = PBXBuildFile; fileRef = E9BD2BE0284680E6009AEB27 /* Assets.xcassets */; };
		E9BD2BE4284680E6009AEB27 /* LaunchScreen.storyboard in Resources */ = {isa = PBXBuildFile; fileRef = E9BD2BE2284680E6009AEB27 /* LaunchScreen.storyboard */; };
		E9BD2BEF284680E6009AEB27 /* tdd_exampleTests.swift in Sources */ = {isa = PBXBuildFile; fileRef = E9BD2BEE284680E6009AEB27 /* tdd_exampleTests.swift */; };
		E9BD2C0928468109009AEB27 /* Nimble in Frameworks */ = {isa = PBXBuildFile; productRef = E9BD2C0828468109009AEB27 /* Nimble */; };
		E9BD2C0C2846812A009AEB27 /* Quick in Frameworks */ = {isa = PBXBuildFile; productRef = E9BD2C0B2846812A009AEB27 /* Quick */; };
		E9BD2C0F2846813F009AEB27 /* RxCocoa in Frameworks */ = {isa = PBXBuildFile; productRef = E9BD2C0E2846813F009AEB27 /* RxCocoa */; };
		E9BD2C112846813F009AEB27 /* RxRelay in Frameworks */ = {isa = PBXBuildFile; productRef = E9BD2C102846813F009AEB27 /* RxRelay */; };
		E9BD2C132846813F009AEB27 /* RxSwift in Frameworks */ = {isa = PBXBuildFile; productRef = E9BD2C122846813F009AEB27 /* RxSwift */; };
		E9BD2C152846813F009AEB27 /* RxTest in Frameworks */ = {isa = PBXBuildFile; productRef = E9BD2C142846813F009AEB27 /* RxTest */; };
		E9BD2C1828468156009AEB27 /* SnapKit in Frameworks */ = {isa = PBXBuildFile; productRef = E9BD2C1728468156009AEB27 /* SnapKit */; };
		E9BD2C1B2846816B009AEB27 /* Moya in Frameworks */ = {isa = PBXBuildFile; productRef = E9BD2C1A2846816B009AEB27 /* Moya */; };
		E9BD2C1D2846816B009AEB27 /* RxMoya in Frameworks */ = {isa = PBXBuildFile; productRef = E9BD2C1C2846816B009AEB27 /* RxMoya */; };
		E9BD2C2028468179009AEB27 /* Then in Frameworks */ = {isa = PBXBuildFile; productRef = E9BD2C1F28468179009AEB27 /* Then */; };
/* End PBXBuildFile section */

/* Begin PBXContainerItemProxy section */
		E9BD2BEB284680E6009AEB27 /* PBXContainerItemProxy */ = {
			isa = PBXContainerItemProxy;
			containerPortal = E9BD2BCC284680E5009AEB27 /* Project object */;
			proxyType = 1;
			remoteGlobalIDString = E9BD2BD3284680E5009AEB27;
			remoteInfo = tdd_example;
		};
/* End PBXContainerItemProxy section */

/* Begin PBXFileReference section */
		E9BD2BD4284680E5009AEB27 /* tdd_example.app */ = {isa = PBXFileReference; explicitFileType = wrapper.application; includeInIndex = 0; path = tdd_example.app; sourceTree = BUILT_PRODUCTS_DIR; };
		E9BD2BD7284680E5009AEB27 /* AppDelegate.swift */ = {isa = PBXFileReference; lastKnownFileType = sourcecode.swift; path = AppDelegate.swift; sourceTree = "<group>"; };
		E9BD2BD9284680E5009AEB27 /* SceneDelegate.swift */ = {isa = PBXFileReference; lastKnownFileType = sourcecode.swift; path = SceneDelegate.swift; sourceTree = "<group>"; };
		E9BD2BDB284680E5009AEB27 /* ViewController.swift */ = {isa = PBXFileReference; lastKnownFileType = sourcecode.swift; path = ViewController.swift; sourceTree = "<group>"; };
		E9BD2BDE284680E5009AEB27 /* Base */ = {isa = PBXFileReference; lastKnownFileType = file.storyboard; name = Base; path = Base.lproj/Main.storyboard; sourceTree = "<group>"; };
		E9BD2BE0284680E6009AEB27 /* Assets.xcassets */ = {isa = PBXFileReference; lastKnownFileType = folder.assetcatalog; path = Assets.xcassets; sourceTree = "<group>"; };
		E9BD2BE3284680E6009AEB27 /* Base */ = {isa = PBXFileReference; lastKnownFileType = file.storyboard; name = Base; path = Base.lproj/LaunchScreen.storyboard; sourceTree = "<group>"; };
		E9BD2BE5284680E6009AEB27 /* Info.plist */ = {isa = PBXFileReference; lastKnownFileType = text.plist.xml; path = Info.plist; sourceTree = "<group>"; };
		E9BD2BEA284680E6009AEB27 /* tdd_exampleTests.xctest */ = {isa = PBXFileReference; explicitFileType = wrapper.cfbundle; includeInIndex = 0; path = tdd_exampleTests.xctest; sourceTree = BUILT_PRODUCTS_DIR; };
		E9BD2BEE284680E6009AEB27 /* tdd_exampleTests.swift */ = {isa = PBXFileReference; lastKnownFileType = sourcecode.swift; path = tdd_exampleTests.swift; sourceTree = "<group>"; };
/* End PBXFileReference section */

/* Begin PBXFrameworksBuildPhase section */
		E9BD2BD1284680E5009AEB27 /* Frameworks */ = {
			isa = PBXFrameworksBuildPhase;
			buildActionMask = 2147483647;
			files = (
				E9BD2C1D2846816B009AEB27 /* RxMoya in Frameworks */,
				E9BD2C132846813F009AEB27 /* RxSwift in Frameworks */,
				E9BD2C1828468156009AEB27 /* SnapKit in Frameworks */,
				E9BD2C2028468179009AEB27 /* Then in Frameworks */,
				E9BD2C112846813F009AEB27 /* RxRelay in Frameworks */,
				E9BD2C1B2846816B009AEB27 /* Moya in Frameworks */,
				E9BD2C0F2846813F009AEB27 /* RxCocoa in Frameworks */,
			);
			runOnlyForDeploymentPostprocessing = 0;
		};
		E9BD2BE7284680E6009AEB27 /* Frameworks */ = {
			isa = PBXFrameworksBuildPhase;
			buildActionMask = 2147483647;
			files = (
				E9BD2C0C2846812A009AEB27 /* Quick in Frameworks */,
				E9BD2C152846813F009AEB27 /* RxTest in Frameworks */,
				E9BD2C0928468109009AEB27 /* Nimble in Frameworks */,
			);
			runOnlyForDeploymentPostprocessing = 0;
		};
/* End PBXFrameworksBuildPhase section */

/* Begin PBXGroup section */
		E9BD2BCB284680E5009AEB27 = {
			isa = PBXGroup;
			children = (
				E9BD2BD6284680E5009AEB27 /* tdd_example */,
				E9BD2BED284680E6009AEB27 /* tdd_exampleTests */,
				E9BD2BD5284680E5009AEB27 /* Products */,
			);
			sourceTree = "<group>";
		};
		E9BD2BD5284680E5009AEB27 /* Products */ = {
			isa = PBXGroup;
			children = (
				E9BD2BD4284680E5009AEB27 /* tdd_example.app */,
				E9BD2BEA284680E6009AEB27 /* tdd_exampleTests.xctest */,
			);
			name = Products;
			sourceTree = "<group>";
		};
		E9BD2BD6284680E5009AEB27 /* tdd_example */ = {
			isa = PBXGroup;
			children = (
				E9BD2BD7284680E5009AEB27 /* AppDelegate.swift */,
				E9BD2BD9284680E5009AEB27 /* SceneDelegate.swift */,
				E9BD2BDB284680E5009AEB27 /* ViewController.swift */,
				E9BD2BDD284680E5009AEB27 /* Main.storyboard */,
				E9BD2BE0284680E6009AEB27 /* Assets.xcassets */,
				E9BD2BE2284680E6009AEB27 /* LaunchScreen.storyboard */,
				E9BD2BE5284680E6009AEB27 /* Info.plist */,
			);
			path = tdd_example;
			sourceTree = "<group>";
		};
		E9BD2BED284680E6009AEB27 /* tdd_exampleTests */ = {
			isa = PBXGroup;
			children = (
				E9BD2BEE284680E6009AEB27 /* tdd_exampleTests.swift */,
			);
			path = tdd_exampleTests;
			sourceTree = "<group>";
		};
/* End PBXGroup section */

/* Begin PBXNativeTarget section */
		E9BD2BD3284680E5009AEB27 /* tdd_example */ = {
			isa = PBXNativeTarget;
			buildConfigurationList = E9BD2BFE284680E6009AEB27 /* Build configuration list for PBXNativeTarget "tdd_example" */;
			buildPhases = (
				E9BD2BD0284680E5009AEB27 /* Sources */,
				E9BD2BD1284680E5009AEB27 /* Frameworks */,
				E9BD2BD2284680E5009AEB27 /* Resources */,
			);
			buildRules = (
			);
			dependencies = (
			);
			name = tdd_example;
			packageProductDependencies = (
				E9BD2C0E2846813F009AEB27 /* RxCocoa */,
				E9BD2C102846813F009AEB27 /* RxRelay */,
				E9BD2C122846813F009AEB27 /* RxSwift */,
				E9BD2C1728468156009AEB27 /* SnapKit */,
				E9BD2C1A2846816B009AEB27 /* Moya */,
				E9BD2C1C2846816B009AEB27 /* RxMoya */,
				E9BD2C1F28468179009AEB27 /* Then */,
			);
			productName = tdd_example;
			productReference = E9BD2BD4284680E5009AEB27 /* tdd_example.app */;
			productType = "com.apple.product-type.application";
		};
		E9BD2BE9284680E6009AEB27 /* tdd_exampleTests */ = {
			isa = PBXNativeTarget;
			buildConfigurationList = E9BD2C01284680E6009AEB27 /* Build configuration list for PBXNativeTarget "tdd_exampleTests" */;
			buildPhases = (
				E9BD2BE6284680E6009AEB27 /* Sources */,
				E9BD2BE7284680E6009AEB27 /* Frameworks */,
				E9BD2BE8284680E6009AEB27 /* Resources */,
			);
			buildRules = (
			);
			dependencies = (
				E9BD2BEC284680E6009AEB27 /* PBXTargetDependency */,
			);
			name = tdd_exampleTests;
			packageProductDependencies = (
				E9BD2C0828468109009AEB27 /* Nimble */,
				E9BD2C0B2846812A009AEB27 /* Quick */,
				E9BD2C142846813F009AEB27 /* RxTest */,
			);
			productName = tdd_exampleTests;
			productReference = E9BD2BEA284680E6009AEB27 /* tdd_exampleTests.xctest */;
			productType = "com.apple.product-type.bundle.unit-test";
		};
/* End PBXNativeTarget section */

/* Begin PBXProject section */
		E9BD2BCC284680E5009AEB27 /* Project object */ = {
			isa = PBXProject;
			attributes = {
				BuildIndependentTargetsInParallel = 1;
				LastSwiftUpdateCheck = 1330;
				LastUpgradeCheck = 1330;
				TargetAttributes = {
					E9BD2BD3284680E5009AEB27 = {
						CreatedOnToolsVersion = 13.3;
					};
					E9BD2BE9284680E6009AEB27 = {
						CreatedOnToolsVersion = 13.3;
						TestTargetID = E9BD2BD3284680E5009AEB27;
					};
				};
			};
			buildConfigurationList = E9BD2BCF284680E5009AEB27 /* Build configuration list for PBXProject "tdd_example" */;
			compatibilityVersion = "Xcode 13.0";
			developmentRegion = en;
			hasScannedForEncodings = 0;
			knownRegions = (
				en,
				Base,
			);
			mainGroup = E9BD2BCB284680E5009AEB27;
			packageReferences = (
				E9BD2C0728468109009AEB27 /* XCRemoteSwiftPackageReference "Nimble" */,
				E9BD2C0A2846812A009AEB27 /* XCRemoteSwiftPackageReference "Quick" */,
				E9BD2C0D2846813F009AEB27 /* XCRemoteSwiftPackageReference "RxSwift" */,
				E9BD2C1628468156009AEB27 /* XCRemoteSwiftPackageReference "SnapKit" */,
				E9BD2C192846816B009AEB27 /* XCRemoteSwiftPackageReference "Moya" */,
				E9BD2C1E28468178009AEB27 /* XCRemoteSwiftPackageReference "Then" */,
			);
			productRefGroup = E9BD2BD5284680E5009AEB27 /* Products */;
			projectDirPath = "";
			projectRoot = "";
			targets = (
				E9BD2BD3284680E5009AEB27 /* tdd_example */,
				E9BD2BE9284680E6009AEB27 /* tdd_exampleTests */,
			);
		};
/* End PBXProject section */

/* Begin PBXResourcesBuildPhase section */
		E9BD2BD2284680E5009AEB27 /* Resources */ = {
			isa = PBXResourcesBuildPhase;
			buildActionMask = 2147483647;
			files = (
				E9BD2BE4284680E6009AEB27 /* LaunchScreen.storyboard in Resources */,
				E9BD2BE1284680E6009AEB27 /* Assets.xcassets in Resources */,
				E9BD2BDF284680E5009AEB27 /* Main.storyboard in Resources */,
			);
			runOnlyForDeploymentPostprocessing = 0;
		};
		E9BD2BE8284680E6009AEB27 /* Resources */ = {
			isa = PBXResourcesBuildPhase;
			buildActionMask = 2147483647;
			files = (
			);
			runOnlyForDeploymentPostprocessing = 0;
		};
/* End PBXResourcesBuildPhase section */

/* Begin PBXSourcesBuildPhase section */
		E9BD2BD0284680E5009AEB27 /* Sources */ = {
			isa = PBXSourcesBuildPhase;
			buildActionMask = 2147483647;
			files = (
				E9BD2BDC284680E5009AEB27 /* ViewController.swift in Sources */,
				E9BD2BD8284680E5009AEB27 /* AppDelegate.swift in Sources */,
				E9BD2BDA284680E5009AEB27 /* SceneDelegate.swift in Sources */,
			);
			runOnlyForDeploymentPostprocessing = 0;
		};
		E9BD2BE6284680E6009AEB27 /* Sources */ = {
			isa = PBXSourcesBuildPhase;
			buildActionMask = 2147483647;
			files = (
				E9BD2BEF284680E6009AEB27 /* tdd_exampleTests.swift in Sources */,
			);
			runOnlyForDeploymentPostprocessing = 0;
		};
/* End PBXSourcesBuildPhase section */

/* Begin PBXTargetDependency section */
		E9BD2BEC284680E6009AEB27 /* PBXTargetDependency */ = {
			isa = PBXTargetDependency;
			target = E9BD2BD3284680E5009AEB27 /* tdd_example */;
			targetProxy = E9BD2BEB284680E6009AEB27 /* PBXContainerItemProxy */;
		};
/* End PBXTargetDependency section */

/* Begin PBXVariantGroup section */
		E9BD2BDD284680E5009AEB27 /* Main.storyboard */ = {
			isa = PBXVariantGroup;
			children = (
				E9BD2BDE284680E5009AEB27 /* Base */,
			);
			name = Main.storyboard;
			sourceTree = "<group>";
		};
		E9BD2BE2284680E6009AEB27 /* LaunchScreen.storyboard */ = {
			isa = PBXVariantGroup;
			children = (
				E9BD2BE3284680E6009AEB27 /* Base */,
			);
			name = LaunchScreen.storyboard;
			sourceTree = "<group>";
		};
/* End PBXVariantGroup section */

/* Begin XCBuildConfiguration section */
		E9BD2BFC284680E6009AEB27 /* Debug */ = {
			isa = XCBuildConfiguration;
			buildSettings = {
				ALWAYS_SEARCH_USER_PATHS = NO;
				CLANG_ANALYZER_NONNULL = YES;
				CLANG_ANALYZER_NUMBER_OBJECT_CONVERSION = YES_AGGRESSIVE;
				CLANG_CXX_LANGUAGE_STANDARD = "gnu++17";
				CLANG_ENABLE_MODULES = YES;
				CLANG_ENABLE_OBJC_ARC = YES;
				CLANG_ENABLE_OBJC_WEAK = YES;
				CLANG_WARN_BLOCK_CAPTURE_AUTORELEASING = YES;
				CLANG_WARN_BOOL_CONVERSION = YES;
				CLANG_WARN_COMMA = YES;
				CLANG_WARN_CONSTANT_CONVERSION = YES;
				CLANG_WARN_DEPRECATED_OBJC_IMPLEMENTATIONS = YES;
				CLANG_WARN_DIRECT_OBJC_ISA_USAGE = YES_ERROR;
				CLANG_WARN_DOCUMENTATION_COMMENTS = YES;
				CLANG_WARN_EMPTY_BODY = YES;
				CLANG_WARN_ENUM_CONVERSION = YES;
				CLANG_WARN_INFINITE_RECURSION = YES;
				CLANG_WARN_INT_CONVERSION = YES;
				CLANG_WARN_NON_LITERAL_NULL_CONVERSION = YES;
				CLANG_WARN_OBJC_IMPLICIT_RETAIN_SELF = YES;
				CLANG_WARN_OBJC_LITERAL_CONVERSION = YES;
				CLANG_WARN_OBJC_ROOT_CLASS = YES_ERROR;
				CLANG_WARN_QUOTED_INCLUDE_IN_FRAMEWORK_HEADER = YES;
				CLANG_WARN_RANGE_LOOP_ANALYSIS = YES;
				CLANG_WARN_STRICT_PROTOTYPES = YES;
				CLANG_WARN_SUSPICIOUS_MOVE = YES;
				CLANG_WARN_UNGUARDED_AVAILABILITY = YES_AGGRESSIVE;
				CLANG_WARN_UNREACHABLE_CODE = YES;
				CLANG_WARN__DUPLICATE_METHOD_MATCH = YES;
				COPY_PHASE_STRIP = NO;
				DEBUG_INFORMATION_FORMAT = dwarf;
				ENABLE_STRICT_OBJC_MSGSEND = YES;
				ENABLE_TESTABILITY = YES;
				GCC_C_LANGUAGE_STANDARD = gnu11;
				GCC_DYNAMIC_NO_PIC = NO;
				GCC_NO_COMMON_BLOCKS = YES;
				GCC_OPTIMIZATION_LEVEL = 0;
				GCC_PREPROCESSOR_DEFINITIONS = (
					"DEBUG=1",
					"$(inherited)",
				);
				GCC_WARN_64_TO_32_BIT_CONVERSION = YES;
				GCC_WARN_ABOUT_RETURN_TYPE = YES_ERROR;
				GCC_WARN_UNDECLARED_SELECTOR = YES;
				GCC_WARN_UNINITIALIZED_AUTOS = YES_AGGRESSIVE;
				GCC_WARN_UNUSED_FUNCTION = YES;
				GCC_WARN_UNUSED_VARIABLE = YES;
				IPHONEOS_DEPLOYMENT_TARGET = 14.0;
				MTL_ENABLE_DEBUG_INFO = INCLUDE_SOURCE;
				MTL_FAST_MATH = YES;
				ONLY_ACTIVE_ARCH = YES;
				SDKROOT = iphoneos;
				SWIFT_ACTIVE_COMPILATION_CONDITIONS = DEBUG;
				SWIFT_OPTIMIZATION_LEVEL = "-Onone";
			};
			name = Debug;
		};
		E9BD2BFD284680E6009AEB27 /* Release */ = {
			isa = XCBuildConfiguration;
			buildSettings = {
				ALWAYS_SEARCH_USER_PATHS = NO;
				CLANG_ANALYZER_NONNULL = YES;
				CLANG_ANALYZER_NUMBER_OBJECT_CONVERSION = YES_AGGRESSIVE;
				CLANG_CXX_LANGUAGE_STANDARD = "gnu++17";
				CLANG_ENABLE_MODULES = YES;
				CLANG_ENABLE_OBJC_ARC = YES;
				CLANG_ENABLE_OBJC_WEAK = YES;
				CLANG_WARN_BLOCK_CAPTURE_AUTORELEASING = YES;
				CLANG_WARN_BOOL_CONVERSION = YES;
				CLANG_WARN_COMMA = YES;
				CLANG_WARN_CONSTANT_CONVERSION = YES;
				CLANG_WARN_DEPRECATED_OBJC_IMPLEMENTATIONS = YES;
				CLANG_WARN_DIRECT_OBJC_ISA_USAGE = YES_ERROR;
				CLANG_WARN_DOCUMENTATION_COMMENTS = YES;
				CLANG_WARN_EMPTY_BODY = YES;
				CLANG_WARN_ENUM_CONVERSION = YES;
				CLANG_WARN_INFINITE_RECURSION = YES;
				CLANG_WARN_INT_CONVERSION = YES;
				CLANG_WARN_NON_LITERAL_NULL_CONVERSION = YES;
				CLANG_WARN_OBJC_IMPLICIT_RETAIN_SELF = YES;
				CLANG_WARN_OBJC_LITERAL_CONVERSION = YES;
				CLANG_WARN_OBJC_ROOT_CLASS = YES_ERROR;
				CLANG_WARN_QUOTED_INCLUDE_IN_FRAMEWORK_HEADER = YES;
				CLANG_WARN_RANGE_LOOP_ANALYSIS = YES;
				CLANG_WARN_STRICT_PROTOTYPES = YES;
				CLANG_WARN_SUSPICIOUS_MOVE = YES;
				CLANG_WARN_UNGUARDED_AVAILABILITY = YES_AGGRESSIVE;
				CLANG_WARN_UNREACHABLE_CODE = YES;
				CLANG_WARN__DUPLICATE_METHOD_MATCH = YES;
				COPY_PHASE_STRIP = NO;
				DEBUG_INFORMATION_FORMAT = "dwarf-with-dsym";
				ENABLE_NS_ASSERTIONS = NO;
				ENABLE_STRICT_OBJC_MSGSEND = YES;
				GCC_C_LANGUAGE_STANDARD = gnu11;
				GCC_NO_COMMON_BLOCKS = YES;
				GCC_WARN_64_TO_32_BIT_CONVERSION = YES;
				GCC_WARN_ABOUT_RETURN_TYPE = YES_ERROR;
				GCC_WARN_UNDECLARED_SELECTOR = YES;
				GCC_WARN_UNINITIALIZED_AUTOS = YES_AGGRESSIVE;
				GCC_WARN_UNUSED_FUNCTION = YES;
				GCC_WARN_UNUSED_VARIABLE = YES;
				IPHONEOS_DEPLOYMENT_TARGET = 14.0;
				MTL_ENABLE_DEBUG_INFO = NO;
				MTL_FAST_MATH = YES;
				SDKROOT = iphoneos;
				SWIFT_COMPILATION_MODE = wholemodule;
				SWIFT_OPTIMIZATION_LEVEL = "-O";
				VALIDATE_PRODUCT = YES;
			};
			name = Release;
		};
		E9BD2BFF284680E6009AEB27 /* Debug */ = {
			isa = XCBuildConfiguration;
			buildSettings = {
				ASSETCATALOG_COMPILER_APPICON_NAME = AppIcon;
				ASSETCATALOG_COMPILER_GLOBAL_ACCENT_COLOR_NAME = AccentColor;
				CODE_SIGN_STYLE = Automatic;
				CURRENT_PROJECT_VERSION = 1;
				DEVELOPMENT_TEAM = 7T8JF3V3RR;
				GENERATE_INFOPLIST_FILE = YES;
				INFOPLIST_FILE = tdd_example/Info.plist;
				INFOPLIST_KEY_UIApplicationSupportsIndirectInputEvents = YES;
				INFOPLIST_KEY_UILaunchStoryboardName = LaunchScreen;
				INFOPLIST_KEY_UIMainStoryboardFile = Main;
				INFOPLIST_KEY_UISupportedInterfaceOrientations_iPad = "UIInterfaceOrientationPortrait UIInterfaceOrientationPortraitUpsideDown UIInterfaceOrientationLandscapeLeft UIInterfaceOrientationLandscapeRight";
				INFOPLIST_KEY_UISupportedInterfaceOrientations_iPhone = "UIInterfaceOrientationPortrait UIInterfaceOrientationLandscapeLeft UIInterfaceOrientationLandscapeRight";
				LD_RUNPATH_SEARCH_PATHS = (
					"$(inherited)",
					"@executable_path/Frameworks",
				);
				MARKETING_VERSION = 1.0;
				PRODUCT_BUNDLE_IDENTIFIER = "com.minan.tdd-example";
				PRODUCT_NAME = "$(TARGET_NAME)";
				SWIFT_EMIT_LOC_STRINGS = YES;
				SWIFT_VERSION = 5.0;
				TARGETED_DEVICE_FAMILY = "1,2";
			};
			name = Debug;
		};
		E9BD2C00284680E6009AEB27 /* Release */ = {
			isa = XCBuildConfiguration;
			buildSettings = {
				ASSETCATALOG_COMPILER_APPICON_NAME = AppIcon;
				ASSETCATALOG_COMPILER_GLOBAL_ACCENT_COLOR_NAME = AccentColor;
				CODE_SIGN_STYLE = Automatic;
				CURRENT_PROJECT_VERSION = 1;
				DEVELOPMENT_TEAM = 7T8JF3V3RR;
				GENERATE_INFOPLIST_FILE = YES;
				INFOPLIST_FILE = tdd_example/Info.plist;
				INFOPLIST_KEY_UIApplicationSupportsIndirectInputEvents = YES;
				INFOPLIST_KEY_UILaunchStoryboardName = LaunchScreen;
				INFOPLIST_KEY_UIMainStoryboardFile = Main;
				INFOPLIST_KEY_UISupportedInterfaceOrientations_iPad = "UIInterfaceOrientationPortrait UIInterfaceOrientationPortraitUpsideDown UIInterfaceOrientationLandscapeLeft UIInterfaceOrientationLandscapeRight";
				INFOPLIST_KEY_UISupportedInterfaceOrientations_iPhone = "UIInterfaceOrientationPortrait UIInterfaceOrientationLandscapeLeft UIInterfaceOrientationLandscapeRight";
				LD_RUNPATH_SEARCH_PATHS = (
					"$(inherited)",
					"@executable_path/Frameworks",
				);
				MARKETING_VERSION = 1.0;
				PRODUCT_BUNDLE_IDENTIFIER = "com.minan.tdd-example";
				PRODUCT_NAME = "$(TARGET_NAME)";
				SWIFT_EMIT_LOC_STRINGS = YES;
				SWIFT_VERSION = 5.0;
				TARGETED_DEVICE_FAMILY = "1,2";
			};
			name = Release;
		};
		E9BD2C02284680E6009AEB27 /* Debug */ = {
			isa = XCBuildConfiguration;
			buildSettings = {
				ALWAYS_EMBED_SWIFT_STANDARD_LIBRARIES = YES;
				BUNDLE_LOADER = "$(TEST_HOST)";
				CODE_SIGN_STYLE = Automatic;
				CURRENT_PROJECT_VERSION = 1;
				DEVELOPMENT_TEAM = 7T8JF3V3RR;
				GENERATE_INFOPLIST_FILE = YES;
				IPHONEOS_DEPLOYMENT_TARGET = 15.4;
				MARKETING_VERSION = 1.0;
				PRODUCT_BUNDLE_IDENTIFIER = "com.minan.tdd-exampleTests";
				PRODUCT_NAME = "$(TARGET_NAME)";
				SWIFT_EMIT_LOC_STRINGS = NO;
				SWIFT_VERSION = 5.0;
				TARGETED_DEVICE_FAMILY = "1,2";
				TEST_HOST = "$(BUILT_PRODUCTS_DIR)/tdd_example.app/tdd_example";
			};
			name = Debug;
		};
		E9BD2C03284680E6009AEB27 /* Release */ = {
			isa = XCBuildConfiguration;
			buildSettings = {
				ALWAYS_EMBED_SWIFT_STANDARD_LIBRARIES = YES;
				BUNDLE_LOADER = "$(TEST_HOST)";
				CODE_SIGN_STYLE = Automatic;
				CURRENT_PROJECT_VERSION = 1;
				DEVELOPMENT_TEAM = 7T8JF3V3RR;
				GENERATE_INFOPLIST_FILE = YES;
				IPHONEOS_DEPLOYMENT_TARGET = 15.4;
				MARKETING_VERSION = 1.0;
				PRODUCT_BUNDLE_IDENTIFIER = "com.minan.tdd-exampleTests";
				PRODUCT_NAME = "$(TARGET_NAME)";
				SWIFT_EMIT_LOC_STRINGS = NO;
				SWIFT_VERSION = 5.0;
				TARGETED_DEVICE_FAMILY = "1,2";
				TEST_HOST = "$(BUILT_PRODUCTS_DIR)/tdd_example.app/tdd_example";
			};
			name = Release;
		};
/* End XCBuildConfiguration section */

/* Begin XCConfigurationList section */
		E9BD2BCF284680E5009AEB27 /* Build configuration list for PBXProject "tdd_example" */ = {
			isa = XCConfigurationList;
			buildConfigurations = (
				E9BD2BFC284680E6009AEB27 /* Debug */,
				E9BD2BFD284680E6009AEB27 /* Release */,
			);
			defaultConfigurationIsVisible = 0;
			defaultConfigurationName = Release;
		};
		E9BD2BFE284680E6009AEB27 /* Build configuration list for PBXNativeTarget "tdd_example" */ = {
			isa = XCConfigurationList;
			buildConfigurations = (
				E9BD2BFF284680E6009AEB27 /* Debug */,
				E9BD2C00284680E6009AEB27 /* Release */,
			);
			defaultConfigurationIsVisible = 0;
			defaultConfigurationName = Release;
		};
		E9BD2C01284680E6009AEB27 /* Build configuration list for PBXNativeTarget "tdd_exampleTests" */ = {
			isa = XCConfigurationList;
			buildConfigurations = (
				E9BD2C02284680E6009AEB27 /* Debug */,
				E9BD2C03284680E6009AEB27 /* Release */,
			);
			defaultConfigurationIsVisible = 0;
			defaultConfigurationName = Release;
		};
/* End XCConfigurationList section */

/* Begin XCRemoteSwiftPackageReference section */
		E9BD2C0728468109009AEB27 /* XCRemoteSwiftPackageReference "Nimble" */ = {
			isa = XCRemoteSwiftPackageReference;
			repositoryURL = "https://github.com/Quick/Nimble";
			requirement = {
				kind = upToNextMajorVersion;
				minimumVersion = 10.0.0;
			};
		};
		E9BD2C0A2846812A009AEB27 /* XCRemoteSwiftPackageReference "Quick" */ = {
			isa = XCRemoteSwiftPackageReference;
			repositoryURL = "https://github.com/Quick/Quick.git";
			requirement = {
				kind = upToNextMajorVersion;
				minimumVersion = 5.0.0;
			};
		};
		E9BD2C0D2846813F009AEB27 /* XCRemoteSwiftPackageReference "RxSwift" */ = {
			isa = XCRemoteSwiftPackageReference;
			repositoryURL = "https://github.com/ReactiveX/RxSwift.git";
			requirement = {
				kind = upToNextMajorVersion;
				minimumVersion = 6.5.0;
			};
		};
		E9BD2C1628468156009AEB27 /* XCRemoteSwiftPackageReference "SnapKit" */ = {
			isa = XCRemoteSwiftPackageReference;
			repositoryURL = "https://github.com/SnapKit/SnapKit.git";
			requirement = {
				kind = upToNextMajorVersion;
				minimumVersion = 5.0.0;
			};
		};
		E9BD2C192846816B009AEB27 /* XCRemoteSwiftPackageReference "Moya" */ = {
			isa = XCRemoteSwiftPackageReference;
			repositoryURL = "https://github.com/Moya/Moya.git";
			requirement = {
				kind = upToNextMajorVersion;
				minimumVersion = 15.0.0;
			};
		};
		E9BD2C1E28468178009AEB27 /* XCRemoteSwiftPackageReference "Then" */ = {
			isa = XCRemoteSwiftPackageReference;
			repositoryURL = "https://github.com/devxoul/Then.git";
			requirement = {
				kind = upToNextMajorVersion;
				minimumVersion = 3.0.0;
			};
		};
/* End XCRemoteSwiftPackageReference section */

/* Begin XCSwiftPackageProductDependency section */
		E9BD2C0828468109009AEB27 /* Nimble */ = {
			isa = XCSwiftPackageProductDependency;
			package = E9BD2C0728468109009AEB27 /* XCRemoteSwiftPackageReference "Nimble" */;
			productName = Nimble;
		};
		E9BD2C0B2846812A009AEB27 /* Quick */ = {
			isa = XCSwiftPackageProductDependency;
			package = E9BD2C0A2846812A009AEB27 /* XCRemoteSwiftPackageReference "Quick" */;
			productName = Quick;
		};
		E9BD2C0E2846813F009AEB27 /* RxCocoa */ = {
			isa = XCSwiftPackageProductDependency;
			package = E9BD2C0D2846813F009AEB27 /* XCRemoteSwiftPackageReference "RxSwift" */;
			productName = RxCocoa;
		};
		E9BD2C102846813F009AEB27 /* RxRelay */ = {
			isa = XCSwiftPackageProductDependency;
			package = E9BD2C0D2846813F009AEB27 /* XCRemoteSwiftPackageReference "RxSwift" */;
			productName = RxRelay;
		};
		E9BD2C122846813F009AEB27 /* RxSwift */ = {
			isa = XCSwiftPackageProductDependency;
			package = E9BD2C0D2846813F009AEB27 /* XCRemoteSwiftPackageReference "RxSwift" */;
			productName = RxSwift;
		};
		E9BD2C142846813F009AEB27 /* RxTest */ = {
			isa = XCSwiftPackageProductDependency;
			package = E9BD2C0D2846813F009AEB27 /* XCRemoteSwiftPackageReference "RxSwift" */;
			productName = RxTest;
		};
		E9BD2C1728468156009AEB27 /* SnapKit */ = {
			isa = XCSwiftPackageProductDependency;
			package = E9BD2C1628468156009AEB27 /* XCRemoteSwiftPackageReference "SnapKit" */;
			productName = SnapKit;
		};
		E9BD2C1A2846816B009AEB27 /* Moya */ = {
			isa = XCSwiftPackageProductDependency;
			package = E9BD2C192846816B009AEB27 /* XCRemoteSwiftPackageReference "Moya" */;
			productName = Moya;
		};
		E9BD2C1C2846816B009AEB27 /* RxMoya */ = {
			isa = XCSwiftPackageProductDependency;
			package = E9BD2C192846816B009AEB27 /* XCRemoteSwiftPackageReference "Moya" */;
			productName = RxMoya;
		};
		E9BD2C1F28468179009AEB27 /* Then */ = {
			isa = XCSwiftPackageProductDependency;
			package = E9BD2C1E28468178009AEB27 /* XCRemoteSwiftPackageReference "Then" */;
			productName = Then;
		};
/* End XCSwiftPackageProductDependency section */
	};
	rootObject = E9BD2BCC284680E5009AEB27 /* Project object */;
}
